
Microsoft Visual Studio Solution File, Format Version 12.00
# Visual Studio Version 16
VisualStudioVersion = 16.0.30128.74
MinimumVisualStudioVersion = 10.0.40219.1
Project("{8BC9CEB8-8B4A-11D0-8D11-00A0C91BC942}") = "BOJ1182", "BOJ1182\BOJ1182.vcxproj", "{B716780C-9D61-4E90-AD44-C2CE964EA9C2}"
EndProject
Global
	GlobalSection(SolutionConfigurationPlatforms) = preSolution
		Debug|x64 = Debug|x64
		Debug|x86 = Debug|x86
		Release|x64 = Release|x64
		Release|x86 = Release|x86
	EndGlobalSection
	GlobalSection(ProjectConfigurationPlatforms) = postSolution
		{B716780C-9D61-4E90-AD44-C2CE964EA9C2}.Debug|x64.ActiveCfg = Debug|x64
		{B716780C-9D61-4E90-AD44-C2CE964EA9C2}.Debug|x64.Build.0 = Debug|x64
		{B716780C-9D61-4E90-AD44-C2CE964EA9C2}.Debug|x86.ActiveCfg = Debug|Win32
		{B716780C-9D61-4E90-AD44-C2CE964EA9C2}.Debug|x86.Build.0 = Debug|Win32
		{B716780C-9D61-4E90-AD44-C2CE964EA9C2}.Release|x64.ActiveCfg = Release|x64
		{B716780C-9D61-4E90-AD44-C2CE964EA9C2}.Release|x64.Build.0 = Release|x64
		{B716780C-9D61-4E90-AD44-C2CE964EA9C2}.Release|x86.ActiveCfg = Release|Win32
		{B716780C-9D61-4E90-AD44-C2CE964EA9C2}.Release|x86.Build.0 = Release|Win32
	EndGlobalSection
	GlobalSection(SolutionProperties) = preSolution
		HideSolutionNode = FALSE
	EndGlobalSection
	GlobalSection(ExtensibilityGlobals) = postSolution
		SolutionGuid = {9CE37043-D864-477D-A62B-5F3BB13E0B01}
	EndGlobalSection
EndGlobal
