
Microsoft Visual Studio Solution File, Format Version 12.00
# Visual Studio Version 16
VisualStudioVersion = 16.0.30011.22
MinimumVisualStudioVersion = 10.0.40219.1
Project("{8BC9CEB8-8B4A-11D0-8D11-00A0C91BC942}") = "BOJ1431", "BOJ1431\BOJ1431.vcxproj", "{AFF3A45C-20D6-4862-B3F1-9BD302B616F8}"
EndProject
Global
	GlobalSection(SolutionConfigurationPlatforms) = preSolution
		Debug|x64 = Debug|x64
		Debug|x86 = Debug|x86
		Release|x64 = Release|x64
		Release|x86 = Release|x86
	EndGlobalSection
	GlobalSection(ProjectConfigurationPlatforms) = postSolution
		{AFF3A45C-20D6-4862-B3F1-9BD302B616F8}.Debug|x64.ActiveCfg = Debug|x64
		{AFF3A45C-20D6-4862-B3F1-9BD302B616F8}.Debug|x64.Build.0 = Debug|x64
		{AFF3A45C-20D6-4862-B3F1-9BD302B616F8}.Debug|x86.ActiveCfg = Debug|Win32
		{AFF3A45C-20D6-4862-B3F1-9BD302B616F8}.Debug|x86.Build.0 = Debug|Win32
		{AFF3A45C-20D6-4862-B3F1-9BD302B616F8}.Release|x64.ActiveCfg = Release|x64
		{AFF3A45C-20D6-4862-B3F1-9BD302B616F8}.Release|x64.Build.0 = Release|x64
		{AFF3A45C-20D6-4862-B3F1-9BD302B616F8}.Release|x86.ActiveCfg = Release|Win32
		{AFF3A45C-20D6-4862-B3F1-9BD302B616F8}.Release|x86.Build.0 = Release|Win32
	EndGlobalSection
	GlobalSection(SolutionProperties) = preSolution
		HideSolutionNode = FALSE
	EndGlobalSection
	GlobalSection(ExtensibilityGlobals) = postSolution
		SolutionGuid = {21A45D4C-8E20-4BFC-B5DB-B62552AB170D}
	EndGlobalSection
EndGlobal
