
Microsoft Visual Studio Solution File, Format Version 12.00
# Visual Studio Version 16
VisualStudioVersion = 16.0.30011.22
MinimumVisualStudioVersion = 10.0.40219.1
Project("{8BC9CEB8-8B4A-11D0-8D11-00A0C91BC942}") = "MergeSort", "MergeSort\MergeSort.vcxproj", "{BA8BB863-FB4C-4D28-927D-75F41AAFC17F}"
EndProject
Global
	GlobalSection(SolutionConfigurationPlatforms) = preSolution
		Debug|x64 = Debug|x64
		Debug|x86 = Debug|x86
		Release|x64 = Release|x64
		Release|x86 = Release|x86
	EndGlobalSection
	GlobalSection(ProjectConfigurationPlatforms) = postSolution
		{BA8BB863-FB4C-4D28-927D-75F41AAFC17F}.Debug|x64.ActiveCfg = Debug|x64
		{BA8BB863-FB4C-4D28-927D-75F41AAFC17F}.Debug|x64.Build.0 = Debug|x64
		{BA8BB863-FB4C-4D28-927D-75F41AAFC17F}.Debug|x86.ActiveCfg = Debug|Win32
		{BA8BB863-FB4C-4D28-927D-75F41AAFC17F}.Debug|x86.Build.0 = Debug|Win32
		{BA8BB863-FB4C-4D28-927D-75F41AAFC17F}.Release|x64.ActiveCfg = Release|x64
		{BA8BB863-FB4C-4D28-927D-75F41AAFC17F}.Release|x64.Build.0 = Release|x64
		{BA8BB863-FB4C-4D28-927D-75F41AAFC17F}.Release|x86.ActiveCfg = Release|Win32
		{BA8BB863-FB4C-4D28-927D-75F41AAFC17F}.Release|x86.Build.0 = Release|Win32
	EndGlobalSection
	GlobalSection(SolutionProperties) = preSolution
		HideSolutionNode = FALSE
	EndGlobalSection
	GlobalSection(ExtensibilityGlobals) = postSolution
		SolutionGuid = {5A02434F-0BF2-4027-9BCA-B707F4FA39F2}
	EndGlobalSection
EndGlobal
